
Microsoft Visual Studio Solution File, Format Version 12.00
# Visual Studio 15
VisualStudioVersion = 15.0.28307.779
MinimumVisualStudioVersion = 10.0.40219.1
Project("{8BC9CEB8-8B4A-11D0-8D11-00A0C91BC942}") = "LocalAverageMatrix", "LocalAverageMatrix\LocalAverageMatrix.vcxproj", "{83D77CE2-0D8C-417C-AB27-AC5F06430D2F}"
EndProject
Global
	GlobalSection(SolutionConfigurationPlatforms) = preSolution
		Debug|x64 = Debug|x64
		Release|x64 = Release|x64
	EndGlobalSection
	GlobalSection(ProjectConfigurationPlatforms) = postSolution
		{83D77CE2-0D8C-417C-AB27-AC5F06430D2F}.Debug|x64.ActiveCfg = Debug|x64
		{83D77CE2-0D8C-417C-AB27-AC5F06430D2F}.Debug|x64.Build.0 = Debug|x64
		{83D77CE2-0D8C-417C-AB27-AC5F06430D2F}.Release|x64.ActiveCfg = Release|x64
		{83D77CE2-0D8C-417C-AB27-AC5F06430D2F}.Release|x64.Build.0 = Release|x64
	EndGlobalSection
	GlobalSection(SolutionProperties) = preSolution
		HideSolutionNode = FALSE
	EndGlobalSection
	GlobalSection(ExtensibilityGlobals) = postSolution
		SolutionGuid = {5FB88BED-4166-4FCE-A79C-C982A49991C7}
	EndGlobalSection
EndGlobal
